
Microsoft Visual Studio Solution File, Format Version 12.00
# Visual Studio Version 17
VisualStudioVersion = 17.6.33815.320
MinimumVisualStudioVersion = 10.0.40219.1
Project("{FAE04EC0-301F-11D3-BF4B-00C04F79EFBC}") = "TicketManagmentSystem.Api", "TicketManagmentSystem.Api.csproj", "{E00734F5-9910-42BE-A97E-4AE978D11739}"
EndProject
Global
	GlobalSection(SolutionConfigurationPlatforms) = preSolution
		Debug|Any CPU = Debug|Any CPU
		Release|Any CPU = Release|Any CPU
	EndGlobalSection
	GlobalSection(ProjectConfigurationPlatforms) = postSolution
		{E00734F5-9910-42BE-A97E-4AE978D11739}.Debug|Any CPU.ActiveCfg = Debug|Any CPU
		{E00734F5-9910-42BE-A97E-4AE978D11739}.Debug|Any CPU.Build.0 = Debug|Any CPU
		{E00734F5-9910-42BE-A97E-4AE978D11739}.Release|Any CPU.ActiveCfg = Release|Any CPU
		{E00734F5-9910-42BE-A97E-4AE978D11739}.Release|Any CPU.Build.0 = Release|Any CPU
	EndGlobalSection
	GlobalSection(SolutionProperties) = preSolution
		HideSolutionNode = FALSE
	EndGlobalSection
	GlobalSection(ExtensibilityGlobals) = postSolution
		SolutionGuid = {DF9194FF-78F7-4996-9B9D-FD2569E58660}
	EndGlobalSection
EndGlobal
